
Microsoft Visual Studio Solution File, Format Version 11.00
# Visual Studio 2010
Project("{2150E333-8FDC-42A3-9474-1A3956D46DE8}") = "Blocks", "Blocks", "{C1F8A37E-DB2F-47F8-918F-F6C93337269F}"
EndProject
Project("{FAE04EC0-301F-11D3-BF4B-00C04F79EFBC}") = "QuickStarts.ConnectionMonitor", "ConnectionMonitor\QuickStarts.ConnectionMonitor.csproj", "{2F72D401-9AF5-448A-8A2F-661D82829ABD}"
EndProject
Project("{FAE04EC0-301F-11D3-BF4B-00C04F79EFBC}") = "SmartClient.ConnectionMonitor", "..\..\Blocks\Offline\Source\ConnectionMonitor\SmartClient.ConnectionMonitor.csproj", "{B191F206-ECEB-487F-9898-D2D249DE5869}"
EndProject
Global
	GlobalSection(SolutionConfigurationPlatforms) = preSolution
		Debug|Any CPU = Debug|Any CPU
		Release|Any CPU = Release|Any CPU
	EndGlobalSection
	GlobalSection(ProjectConfigurationPlatforms) = postSolution
		{2F72D401-9AF5-448A-8A2F-661D82829ABD}.Debug|Any CPU.ActiveCfg = Debug|Any CPU
		{2F72D401-9AF5-448A-8A2F-661D82829ABD}.Debug|Any CPU.Build.0 = Debug|Any CPU
		{2F72D401-9AF5-448A-8A2F-661D82829ABD}.Release|Any CPU.ActiveCfg = Release|Any CPU
		{2F72D401-9AF5-448A-8A2F-661D82829ABD}.Release|Any CPU.Build.0 = Release|Any CPU
		{B191F206-ECEB-487F-9898-D2D249DE5869}.Debug|Any CPU.ActiveCfg = Debug|Any CPU
		{B191F206-ECEB-487F-9898-D2D249DE5869}.Debug|Any CPU.Build.0 = Debug|Any CPU
		{B191F206-ECEB-487F-9898-D2D249DE5869}.Release|Any CPU.ActiveCfg = Release|Any CPU
		{B191F206-ECEB-487F-9898-D2D249DE5869}.Release|Any CPU.Build.0 = Release|Any CPU
	EndGlobalSection
	GlobalSection(SolutionProperties) = preSolution
		HideSolutionNode = FALSE
	EndGlobalSection
	GlobalSection(NestedProjects) = preSolution
		{B191F206-ECEB-487F-9898-D2D249DE5869} = {C1F8A37E-DB2F-47F8-918F-F6C93337269F}
	EndGlobalSection
EndGlobal
