
Microsoft Visual Studio Solution File, Format Version 11.00
# Visual Studio 2010
Project("{FAE04EC0-301F-11D3-BF4B-00C04F79EFBC}") = "ManifestManagerUtility", "ManifestManagerUtility.csproj", "{393FA119-6D27-47D0-AE09-0E6E24283594}"
EndProject
Global
	GlobalSection(SolutionConfigurationPlatforms) = preSolution
		Debug|Any CPU = Debug|Any CPU
		Release|Any CPU = Release|Any CPU
	EndGlobalSection
	GlobalSection(ProjectConfigurationPlatforms) = postSolution
		{393FA119-6D27-47D0-AE09-0E6E24283594}.Debug|Any CPU.ActiveCfg = Debug|Any CPU
		{393FA119-6D27-47D0-AE09-0E6E24283594}.Debug|Any CPU.Build.0 = Debug|Any CPU
		{393FA119-6D27-47D0-AE09-0E6E24283594}.Release|Any CPU.ActiveCfg = Release|Any CPU
		{393FA119-6D27-47D0-AE09-0E6E24283594}.Release|Any CPU.Build.0 = Release|Any CPU
	EndGlobalSection
	GlobalSection(SolutionProperties) = preSolution
		HideSolutionNode = FALSE
	EndGlobalSection
EndGlobal
