
Microsoft Visual Studio Solution File, Format Version 11.00
# Visual Studio 2010
Project("{2150E333-8FDC-42A3-9474-1A3956D46DE8}") = "Blocks", "Blocks", "{E9B6DAB0-2BF2-44F6-9D6A-BC9B9CFD3A46}"
EndProject
Project("{F184B08F-C81C-45F6-A57F-5ABD9991F28F}") = "EventBrokerQuickStart", "EventBroker\EventBrokerDemo\EventBrokerQuickStart.vbproj", "{656E9D11-64A2-49D3-9E9D-2675C8C382C8}"
EndProject
Project("{F184B08F-C81C-45F6-A57F-5ABD9991F28F}") = "CompositeUI", "..\..\..\Blocks\CAB\VB\Source\CompositeUI\CompositeUI.vbproj", "{695D739D-14CB-46BF-B72F-FFA386F86CD0}"
EndProject
Project("{F184B08F-C81C-45F6-A57F-5ABD9991F28F}") = "CompositeUI.WinForms", "..\..\..\Blocks\CAB\VB\Source\CompositeUI.WinForms\CompositeUI.WinForms.vbproj", "{BD21FDDF-D601-4DD3-85E9-D2739D0DC768}"
EndProject
Global
	GlobalSection(SolutionConfigurationPlatforms) = preSolution
		Debug|Any CPU = Debug|Any CPU
		Release|Any CPU = Release|Any CPU
	EndGlobalSection
	GlobalSection(ProjectConfigurationPlatforms) = postSolution
		{656E9D11-64A2-49D3-9E9D-2675C8C382C8}.Debug|Any CPU.ActiveCfg = Debug|Any CPU
		{656E9D11-64A2-49D3-9E9D-2675C8C382C8}.Debug|Any CPU.Build.0 = Debug|Any CPU
		{656E9D11-64A2-49D3-9E9D-2675C8C382C8}.Release|Any CPU.ActiveCfg = Release|Any CPU
		{656E9D11-64A2-49D3-9E9D-2675C8C382C8}.Release|Any CPU.Build.0 = Release|Any CPU
		{695D739D-14CB-46BF-B72F-FFA386F86CD0}.Debug|Any CPU.ActiveCfg = Debug|Any CPU
		{695D739D-14CB-46BF-B72F-FFA386F86CD0}.Debug|Any CPU.Build.0 = Debug|Any CPU
		{695D739D-14CB-46BF-B72F-FFA386F86CD0}.Release|Any CPU.ActiveCfg = Release|Any CPU
		{695D739D-14CB-46BF-B72F-FFA386F86CD0}.Release|Any CPU.Build.0 = Release|Any CPU
		{BD21FDDF-D601-4DD3-85E9-D2739D0DC768}.Debug|Any CPU.ActiveCfg = Debug|Any CPU
		{BD21FDDF-D601-4DD3-85E9-D2739D0DC768}.Debug|Any CPU.Build.0 = Debug|Any CPU
		{BD21FDDF-D601-4DD3-85E9-D2739D0DC768}.Release|Any CPU.ActiveCfg = Release|Any CPU
		{BD21FDDF-D601-4DD3-85E9-D2739D0DC768}.Release|Any CPU.Build.0 = Release|Any CPU
	EndGlobalSection
	GlobalSection(SolutionProperties) = preSolution
		HideSolutionNode = FALSE
	EndGlobalSection
	GlobalSection(NestedProjects) = preSolution
		{695D739D-14CB-46BF-B72F-FFA386F86CD0} = {E9B6DAB0-2BF2-44F6-9D6A-BC9B9CFD3A46}
		{BD21FDDF-D601-4DD3-85E9-D2739D0DC768} = {E9B6DAB0-2BF2-44F6-9D6A-BC9B9CFD3A46}
	EndGlobalSection
EndGlobal
