
Microsoft Visual Studio Solution File, Format Version 11.00
# Visual Studio 2010
Project("{2150E333-8FDC-42A3-9474-1A3956D46DE8}") = "Step 4", "Step 4", "{62EDE622-8881-45BA-B9D8-BC333D73DDB6}"
EndProject
Project("{2150E333-8FDC-42A3-9474-1A3956D46DE8}") = "Step 3", "Step 3", "{C05927B0-2ED5-479D-9086-D4E915BB12E9}"
EndProject
Project("{2150E333-8FDC-42A3-9474-1A3956D46DE8}") = "Step 2", "Step 2", "{0DE0B709-571B-496D-BFF4-90FAB1C62D55}"
EndProject
Project("{2150E333-8FDC-42A3-9474-1A3956D46DE8}") = "Step 1", "Step 1", "{BCC7F1E1-F33D-427F-B46F-C3DCD0C7FD40}"
EndProject
Project("{2150E333-8FDC-42A3-9474-1A3956D46DE8}") = "Blocks", "Blocks", "{B3D0B7D9-F8CA-4719-B1CF-20969A022876}"
EndProject
Project("{F184B08F-C81C-45F6-A57F-5ABD9991F28F}") = "ShellApplication", "Walkthrough\Step1\ShellApplication\ShellApplication.vbproj", "{D18C7780-314F-493C-B756-BB5E8421A9A0}"
EndProject
Project("{F184B08F-C81C-45F6-A57F-5ABD9991F28F}") = "CompositeUI", "..\..\..\Blocks\CAB\VB\Source\CompositeUI\CompositeUI.vbproj", "{695D739D-14CB-46BF-B72F-FFA386F86CD0}"
EndProject
Project("{F184B08F-C81C-45F6-A57F-5ABD9991F28F}") = "CompositeUI.WinForms", "..\..\..\Blocks\CAB\VB\Source\CompositeUI.WinForms\CompositeUI.WinForms.vbproj", "{BD21FDDF-D601-4DD3-85E9-D2739D0DC768}"
EndProject
Project("{F184B08F-C81C-45F6-A57F-5ABD9991F28F}") = "MyModule", "Walkthrough\Step2\MyModule\MyModule.vbproj", "{EAD4B8C7-A53C-478C-ACF6-88B411B211BB}"
EndProject
Project("{F184B08F-C81C-45F6-A57F-5ABD9991F28F}") = "ShellApplication", "Walkthrough\Step2\ShellApplication\ShellApplication.vbproj", "{61B90FFB-6344-45B7-B08E-0195B4B8178E}"
EndProject
Project("{F184B08F-C81C-45F6-A57F-5ABD9991F28F}") = "MyModule", "Walkthrough\Step3\MyModule\MyModule.vbproj", "{2D39B19D-ECC8-4BAC-99FC-9A40EB129003}"
EndProject
Project("{F184B08F-C81C-45F6-A57F-5ABD9991F28F}") = "ShellApplication", "Walkthrough\Step3\ShellApplication\ShellApplication.vbproj", "{6A6A783A-D8AE-49F1-B4D9-60C78CA4E93E}"
EndProject
Project("{F184B08F-C81C-45F6-A57F-5ABD9991F28F}") = "MyModule", "Walkthrough\Step4\MyModule\MyModule.vbproj", "{837AC7C6-500F-4FCD-B77C-5C695AF8BB2F}"
EndProject
Project("{F184B08F-C81C-45F6-A57F-5ABD9991F28F}") = "ShellApplication", "Walkthrough\Step4\ShellApplication\ShellApplication.vbproj", "{77A4696B-C162-4F9A-95F2-FF7DB0C01BE9}"
EndProject
Global
	GlobalSection(SolutionConfigurationPlatforms) = preSolution
		Debug|Any CPU = Debug|Any CPU
		Release|Any CPU = Release|Any CPU
	EndGlobalSection
	GlobalSection(ProjectConfigurationPlatforms) = postSolution
		{D18C7780-314F-493C-B756-BB5E8421A9A0}.Debug|Any CPU.ActiveCfg = Debug|Any CPU
		{D18C7780-314F-493C-B756-BB5E8421A9A0}.Debug|Any CPU.Build.0 = Debug|Any CPU
		{D18C7780-314F-493C-B756-BB5E8421A9A0}.Release|Any CPU.ActiveCfg = Release|Any CPU
		{D18C7780-314F-493C-B756-BB5E8421A9A0}.Release|Any CPU.Build.0 = Release|Any CPU
		{695D739D-14CB-46BF-B72F-FFA386F86CD0}.Debug|Any CPU.ActiveCfg = Debug|Any CPU
		{695D739D-14CB-46BF-B72F-FFA386F86CD0}.Debug|Any CPU.Build.0 = Debug|Any CPU
		{695D739D-14CB-46BF-B72F-FFA386F86CD0}.Release|Any CPU.ActiveCfg = Release|Any CPU
		{695D739D-14CB-46BF-B72F-FFA386F86CD0}.Release|Any CPU.Build.0 = Release|Any CPU
		{BD21FDDF-D601-4DD3-85E9-D2739D0DC768}.Debug|Any CPU.ActiveCfg = Debug|Any CPU
		{BD21FDDF-D601-4DD3-85E9-D2739D0DC768}.Debug|Any CPU.Build.0 = Debug|Any CPU
		{BD21FDDF-D601-4DD3-85E9-D2739D0DC768}.Release|Any CPU.ActiveCfg = Release|Any CPU
		{BD21FDDF-D601-4DD3-85E9-D2739D0DC768}.Release|Any CPU.Build.0 = Release|Any CPU
		{EAD4B8C7-A53C-478C-ACF6-88B411B211BB}.Debug|Any CPU.ActiveCfg = Debug|Any CPU
		{EAD4B8C7-A53C-478C-ACF6-88B411B211BB}.Debug|Any CPU.Build.0 = Debug|Any CPU
		{EAD4B8C7-A53C-478C-ACF6-88B411B211BB}.Release|Any CPU.ActiveCfg = Release|Any CPU
		{EAD4B8C7-A53C-478C-ACF6-88B411B211BB}.Release|Any CPU.Build.0 = Release|Any CPU
		{61B90FFB-6344-45B7-B08E-0195B4B8178E}.Debug|Any CPU.ActiveCfg = Debug|Any CPU
		{61B90FFB-6344-45B7-B08E-0195B4B8178E}.Debug|Any CPU.Build.0 = Debug|Any CPU
		{61B90FFB-6344-45B7-B08E-0195B4B8178E}.Release|Any CPU.ActiveCfg = Release|Any CPU
		{61B90FFB-6344-45B7-B08E-0195B4B8178E}.Release|Any CPU.Build.0 = Release|Any CPU
		{2D39B19D-ECC8-4BAC-99FC-9A40EB129003}.Debug|Any CPU.ActiveCfg = Debug|Any CPU
		{2D39B19D-ECC8-4BAC-99FC-9A40EB129003}.Debug|Any CPU.Build.0 = Debug|Any CPU
		{2D39B19D-ECC8-4BAC-99FC-9A40EB129003}.Release|Any CPU.ActiveCfg = Release|Any CPU
		{2D39B19D-ECC8-4BAC-99FC-9A40EB129003}.Release|Any CPU.Build.0 = Release|Any CPU
		{6A6A783A-D8AE-49F1-B4D9-60C78CA4E93E}.Debug|Any CPU.ActiveCfg = Debug|Any CPU
		{6A6A783A-D8AE-49F1-B4D9-60C78CA4E93E}.Debug|Any CPU.Build.0 = Debug|Any CPU
		{6A6A783A-D8AE-49F1-B4D9-60C78CA4E93E}.Release|Any CPU.ActiveCfg = Release|Any CPU
		{6A6A783A-D8AE-49F1-B4D9-60C78CA4E93E}.Release|Any CPU.Build.0 = Release|Any CPU
		{837AC7C6-500F-4FCD-B77C-5C695AF8BB2F}.Debug|Any CPU.ActiveCfg = Debug|Any CPU
		{837AC7C6-500F-4FCD-B77C-5C695AF8BB2F}.Debug|Any CPU.Build.0 = Debug|Any CPU
		{837AC7C6-500F-4FCD-B77C-5C695AF8BB2F}.Release|Any CPU.ActiveCfg = Release|Any CPU
		{837AC7C6-500F-4FCD-B77C-5C695AF8BB2F}.Release|Any CPU.Build.0 = Release|Any CPU
		{77A4696B-C162-4F9A-95F2-FF7DB0C01BE9}.Debug|Any CPU.ActiveCfg = Debug|Any CPU
		{77A4696B-C162-4F9A-95F2-FF7DB0C01BE9}.Debug|Any CPU.Build.0 = Debug|Any CPU
		{77A4696B-C162-4F9A-95F2-FF7DB0C01BE9}.Release|Any CPU.ActiveCfg = Release|Any CPU
		{77A4696B-C162-4F9A-95F2-FF7DB0C01BE9}.Release|Any CPU.Build.0 = Release|Any CPU
	EndGlobalSection
	GlobalSection(SolutionProperties) = preSolution
		HideSolutionNode = FALSE
	EndGlobalSection
	GlobalSection(NestedProjects) = preSolution
		{837AC7C6-500F-4FCD-B77C-5C695AF8BB2F} = {62EDE622-8881-45BA-B9D8-BC333D73DDB6}
		{77A4696B-C162-4F9A-95F2-FF7DB0C01BE9} = {62EDE622-8881-45BA-B9D8-BC333D73DDB6}
		{2D39B19D-ECC8-4BAC-99FC-9A40EB129003} = {C05927B0-2ED5-479D-9086-D4E915BB12E9}
		{6A6A783A-D8AE-49F1-B4D9-60C78CA4E93E} = {C05927B0-2ED5-479D-9086-D4E915BB12E9}
		{EAD4B8C7-A53C-478C-ACF6-88B411B211BB} = {0DE0B709-571B-496D-BFF4-90FAB1C62D55}
		{61B90FFB-6344-45B7-B08E-0195B4B8178E} = {0DE0B709-571B-496D-BFF4-90FAB1C62D55}
		{D18C7780-314F-493C-B756-BB5E8421A9A0} = {BCC7F1E1-F33D-427F-B46F-C3DCD0C7FD40}
		{695D739D-14CB-46BF-B72F-FFA386F86CD0} = {B3D0B7D9-F8CA-4719-B1CF-20969A022876}
		{BD21FDDF-D601-4DD3-85E9-D2739D0DC768} = {B3D0B7D9-F8CA-4719-B1CF-20969A022876}
	EndGlobalSection
EndGlobal
